
Microsoft Visual Studio Solution File, Format Version 12.00
# Visual Studio Version 16
VisualStudioVersion = 16.0.31702.278
MinimumVisualStudioVersion = 10.0.40219.1
Project("{9A19103F-16F7-4668-BE54-9A1E7A4F7556}") = "Antivirus", "Antivirus.csproj", "{E3101146-D361-4D21-A381-5EF320480D97}"
EndProject
Project("{9A19103F-16F7-4668-BE54-9A1E7A4F7556}") = "MLModelAntivirus", "..\MLModelAntivirus\MLModelAntivirus.csproj", "{EF2D797F-2D0F-4D24-AD3D-C26B1A477726}"
EndProject
Project("{9A19103F-16F7-4668-BE54-9A1E7A4F7556}") = "FullAntivirusCheck", "..\FullAntivirusCheck\FullAntivirusCheck.csproj", "{53A94ABC-A501-4343-A6F0-A3F9F8DDB360}"
EndProject
Project("{9A19103F-16F7-4668-BE54-9A1E7A4F7556}") = "EquatableMlModel", "..\EquatableMlModel\EquatableMlModel.csproj", "{F10E7CD9-77F0-46DC-93E9-4249B1594617}"
EndProject
Global
	GlobalSection(SolutionConfigurationPlatforms) = preSolution
		Debug|Any CPU = Debug|Any CPU
		Release|Any CPU = Release|Any CPU
	EndGlobalSection
	GlobalSection(ProjectConfigurationPlatforms) = postSolution
		{E3101146-D361-4D21-A381-5EF320480D97}.Debug|Any CPU.ActiveCfg = Debug|Any CPU
		{E3101146-D361-4D21-A381-5EF320480D97}.Debug|Any CPU.Build.0 = Debug|Any CPU
		{E3101146-D361-4D21-A381-5EF320480D97}.Release|Any CPU.ActiveCfg = Release|Any CPU
		{E3101146-D361-4D21-A381-5EF320480D97}.Release|Any CPU.Build.0 = Release|Any CPU
		{EF2D797F-2D0F-4D24-AD3D-C26B1A477726}.Debug|Any CPU.ActiveCfg = Debug|Any CPU
		{EF2D797F-2D0F-4D24-AD3D-C26B1A477726}.Debug|Any CPU.Build.0 = Debug|Any CPU
		{EF2D797F-2D0F-4D24-AD3D-C26B1A477726}.Release|Any CPU.ActiveCfg = Release|Any CPU
		{EF2D797F-2D0F-4D24-AD3D-C26B1A477726}.Release|Any CPU.Build.0 = Release|Any CPU
		{53A94ABC-A501-4343-A6F0-A3F9F8DDB360}.Debug|Any CPU.ActiveCfg = Debug|Any CPU
		{53A94ABC-A501-4343-A6F0-A3F9F8DDB360}.Debug|Any CPU.Build.0 = Debug|Any CPU
		{53A94ABC-A501-4343-A6F0-A3F9F8DDB360}.Release|Any CPU.ActiveCfg = Release|Any CPU
		{53A94ABC-A501-4343-A6F0-A3F9F8DDB360}.Release|Any CPU.Build.0 = Release|Any CPU
		{F10E7CD9-77F0-46DC-93E9-4249B1594617}.Debug|Any CPU.ActiveCfg = Debug|Any CPU
		{F10E7CD9-77F0-46DC-93E9-4249B1594617}.Debug|Any CPU.Build.0 = Debug|Any CPU
		{F10E7CD9-77F0-46DC-93E9-4249B1594617}.Release|Any CPU.ActiveCfg = Release|Any CPU
		{F10E7CD9-77F0-46DC-93E9-4249B1594617}.Release|Any CPU.Build.0 = Release|Any CPU
	EndGlobalSection
	GlobalSection(SolutionProperties) = preSolution
		HideSolutionNode = FALSE
	EndGlobalSection
	GlobalSection(ExtensibilityGlobals) = postSolution
		SolutionGuid = {53922FD1-F9D9-4D07-9DD1-C55228CD620A}
	EndGlobalSection
EndGlobal
